// !$*UTF8*$!
{
	archiveVersion = 1;
	classes = {
	};
	objectVersion = 55;
	objects = {

/* Begin PBXBuildFile section */
		8ED9C68256C446511CDE91BF /* Pods_Resume_builder_demo.framework in Frameworks */ = {isa = PBXBuildFile; fileRef = 6C22411C8A4A91B1B4D9CC2E /* Pods_Resume_builder_demo.framework */; };
		BA691EFF27D194FE00AC72CE /* PersonalInfoVc.swift in Sources */ = {isa = PBXBuildFile; fileRef = BA691EFE27D194FE00AC72CE /* PersonalInfoVc.swift */; };
		BA691F0127D19BBB00AC72CE /* CurrentResume.swift in Sources */ = {isa = PBXBuildFile; fileRef = BA691F0027D19BBB00AC72CE /* CurrentResume.swift */; };
		BA7A116227D367CD0056F921 /* PhotoVC.swift in Sources */ = {isa = PBXBuildFile; fileRef = BA7A116127D367CD0056F921 /* PhotoVC.swift */; };
		BA7A116627D37D1F0056F921 /* ReviewVC.swift in Sources */ = {isa = PBXBuildFile; fileRef = BA7A116527D37D1F0056F921 /* ReviewVC.swift */; };
		BA8ACF1927D1E47600891AE0 /* SkillVC.swift in Sources */ = {isa = PBXBuildFile; fileRef = BA8ACF1827D1E47600891AE0 /* SkillVC.swift */; };
		BA8ACF1C27D2514E00891AE0 /* Utility.swift in Sources */ = {isa = PBXBuildFile; fileRef = BA8ACF1B27D2514E00891AE0 /* Utility.swift */; };
		BA8ACF1E27D26C3100891AE0 /* WorkVC.swift in Sources */ = {isa = PBXBuildFile; fileRef = BA8ACF1D27D26C3100891AE0 /* WorkVC.swift */; };
		BA8ACF2027D26DCB00891AE0 /* EducationVC.swift in Sources */ = {isa = PBXBuildFile; fileRef = BA8ACF1F27D26DCB00891AE0 /* EducationVC.swift */; };
		BA8ACF2427D2831E00891AE0 /* ResumeTableViewCell.swift in Sources */ = {isa = PBXBuildFile; fileRef = BA8ACF2327D2831E00891AE0 /* ResumeTableViewCell.swift */; };
		BA8ACF2627D2846A00891AE0 /* WorkSummaryTableViewCell.swift in Sources */ = {isa = PBXBuildFile; fileRef = BA8ACF2527D2846A00891AE0 /* WorkSummaryTableViewCell.swift */; };
		BA8ACF2827D284C600891AE0 /* EducationTableViewCell.swift in Sources */ = {isa = PBXBuildFile; fileRef = BA8ACF2727D284C600891AE0 /* EducationTableViewCell.swift */; };
		BA8ACF2A27D297C800891AE0 /* Models.swift in Sources */ = {isa = PBXBuildFile; fileRef = BA8ACF2927D297C800891AE0 /* Models.swift */; };
		BA9D0F7127E8B93100770226 /* Work+CoreDataClass.swift in Sources */ = {isa = PBXBuildFile; fileRef = BA9D0F6927E8B93100770226 /* Work+CoreDataClass.swift */; };
		BA9D0F7227E8B93100770226 /* Project+CoreDataProperties.swift in Sources */ = {isa = PBXBuildFile; fileRef = BA9D0F6A27E8B93100770226 /* Project+CoreDataProperties.swift */; };
		BA9D0F7327E8B93100770226 /* Resume+CoreDataProperties.swift in Sources */ = {isa = PBXBuildFile; fileRef = BA9D0F6B27E8B93100770226 /* Resume+CoreDataProperties.swift */; };
		BA9D0F7427E8B93100770226 /* Education+CoreDataClass.swift in Sources */ = {isa = PBXBuildFile; fileRef = BA9D0F6C27E8B93100770226 /* Education+CoreDataClass.swift */; };
		BA9D0F7527E8B93100770226 /* Resume+CoreDataClass.swift in Sources */ = {isa = PBXBuildFile; fileRef = BA9D0F6D27E8B93100770226 /* Resume+CoreDataClass.swift */; };
		BA9D0F7627E8B93100770226 /* Project+CoreDataClass.swift in Sources */ = {isa = PBXBuildFile; fileRef = BA9D0F6E27E8B93100770226 /* Project+CoreDataClass.swift */; };
		BA9D0F7727E8B93100770226 /* Education+CoreDataProperties.swift in Sources */ = {isa = PBXBuildFile; fileRef = BA9D0F6F27E8B93100770226 /* Education+CoreDataProperties.swift */; };
		BA9D0F7827E8B93100770226 /* Work+CoreDataProperties.swift in Sources */ = {isa = PBXBuildFile; fileRef = BA9D0F7027E8B93100770226 /* Work+CoreDataProperties.swift */; };
		BADD73A827D2A62500477348 /* ProjectTableViewCell.swift in Sources */ = {isa = PBXBuildFile; fileRef = BADD73A727D2A62500477348 /* ProjectTableViewCell.swift */; };
		BADD73AA27D2A64900477348 /* ProjectVC.swift in Sources */ = {isa = PBXBuildFile; fileRef = BADD73A927D2A64900477348 /* ProjectVC.swift */; };
		BAF7BD7A27D0FBA5002158F8 /* AppDelegate.swift in Sources */ = {isa = PBXBuildFile; fileRef = BAF7BD7927D0FBA5002158F8 /* AppDelegate.swift */; };
		BAF7BD7C27D0FBA5002158F8 /* SceneDelegate.swift in Sources */ = {isa = PBXBuildFile; fileRef = BAF7BD7B27D0FBA5002158F8 /* SceneDelegate.swift */; };
		BAF7BD7E27D0FBA5002158F8 /* ViewController.swift in Sources */ = {isa = PBXBuildFile; fileRef = BAF7BD7D27D0FBA5002158F8 /* ViewController.swift */; };
		BAF7BD8127D0FBA5002158F8 /* Main.storyboard in Resources */ = {isa = PBXBuildFile; fileRef = BAF7BD7F27D0FBA5002158F8 /* Main.storyboard */; };
		BAF7BD8427D0FBA5002158F8 /* Resume_builder_demo.xcdatamodeld in Sources */ = {isa = PBXBuildFile; fileRef = BAF7BD8227D0FBA5002158F8 /* Resume_builder_demo.xcdatamodeld */; };
		BAF7BD8627D0FBA8002158F8 /* Assets.xcassets in Resources */ = {isa = PBXBuildFile; fileRef = BAF7BD8527D0FBA8002158F8 /* Assets.xcassets */; };
		BAF7BD8927D0FBA8002158F8 /* LaunchScreen.storyboard in Resources */ = {isa = PBXBuildFile; fileRef = BAF7BD8727D0FBA8002158F8 /* LaunchScreen.storyboard */; };
/* End PBXBuildFile section */

/* Begin PBXFileReference section */
		1B629338A955A88186E6A28B /* Pods-Resume builder demo.release.xcconfig */ = {isa = PBXFileReference; includeInIndex = 1; lastKnownFileType = text.xcconfig; name = "Pods-Resume builder demo.release.xcconfig"; path = "Target Support Files/Pods-Resume builder demo/Pods-Resume builder demo.release.xcconfig"; sourceTree = "<group>"; };
		6C22411C8A4A91B1B4D9CC2E /* Pods_Resume_builder_demo.framework */ = {isa = PBXFileReference; explicitFileType = wrapper.framework; includeInIndex = 0; path = Pods_Resume_builder_demo.framework; sourceTree = BUILT_PRODUCTS_DIR; };
		BA691EFE27D194FE00AC72CE /* PersonalInfoVc.swift */ = {isa = PBXFileReference; lastKnownFileType = sourcecode.swift; path = PersonalInfoVc.swift; sourceTree = "<group>"; };
		BA691F0027D19BBB00AC72CE /* CurrentResume.swift */ = {isa = PBXFileReference; lastKnownFileType = sourcecode.swift; path = CurrentResume.swift; sourceTree = "<group>"; };
		BA7A116127D367CD0056F921 /* PhotoVC.swift */ = {isa = PBXFileReference; lastKnownFileType = sourcecode.swift; path = PhotoVC.swift; sourceTree = "<group>"; };
		BA7A116527D37D1F0056F921 /* ReviewVC.swift */ = {isa = PBXFileReference; lastKnownFileType = sourcecode.swift; path = ReviewVC.swift; sourceTree = "<group>"; };
		BA8ACF1827D1E47600891AE0 /* SkillVC.swift */ = {isa = PBXFileReference; lastKnownFileType = sourcecode.swift; path = SkillVC.swift; sourceTree = "<group>"; };
		BA8ACF1B27D2514E00891AE0 /* Utility.swift */ = {isa = PBXFileReference; lastKnownFileType = sourcecode.swift; path = Utility.swift; sourceTree = "<group>"; };
		BA8ACF1D27D26C3100891AE0 /* WorkVC.swift */ = {isa = PBXFileReference; lastKnownFileType = sourcecode.swift; path = WorkVC.swift; sourceTree = "<group>"; };
		BA8ACF1F27D26DCB00891AE0 /* EducationVC.swift */ = {isa = PBXFileReference; lastKnownFileType = sourcecode.swift; path = EducationVC.swift; sourceTree = "<group>"; };
		BA8ACF2327D2831E00891AE0 /* ResumeTableViewCell.swift */ = {isa = PBXFileReference; lastKnownFileType = sourcecode.swift; path = ResumeTableViewCell.swift; sourceTree = "<group>"; };
		BA8ACF2527D2846A00891AE0 /* WorkSummaryTableViewCell.swift */ = {isa = PBXFileReference; lastKnownFileType = sourcecode.swift; path = WorkSummaryTableViewCell.swift; sourceTree = "<group>"; };
		BA8ACF2727D284C600891AE0 /* EducationTableViewCell.swift */ = {isa = PBXFileReference; lastKnownFileType = sourcecode.swift; path = EducationTableViewCell.swift; sourceTree = "<group>"; };
		BA8ACF2927D297C800891AE0 /* Models.swift */ = {isa = PBXFileReference; lastKnownFileType = sourcecode.swift; path = Models.swift; sourceTree = "<group>"; };
		BA9D0F6927E8B93100770226 /* Work+CoreDataClass.swift */ = {isa = PBXFileReference; fileEncoding = 4; lastKnownFileType = sourcecode.swift; path = "Work+CoreDataClass.swift"; sourceTree = "<group>"; };
		BA9D0F6A27E8B93100770226 /* Project+CoreDataProperties.swift */ = {isa = PBXFileReference; fileEncoding = 4; lastKnownFileType = sourcecode.swift; path = "Project+CoreDataProperties.swift"; sourceTree = "<group>"; };
		BA9D0F6B27E8B93100770226 /* Resume+CoreDataProperties.swift */ = {isa = PBXFileReference; fileEncoding = 4; lastKnownFileType = sourcecode.swift; path = "Resume+CoreDataProperties.swift"; sourceTree = "<group>"; };
		BA9D0F6C27E8B93100770226 /* Education+CoreDataClass.swift */ = {isa = PBXFileReference; fileEncoding = 4; lastKnownFileType = sourcecode.swift; path = "Education+CoreDataClass.swift"; sourceTree = "<group>"; };
		BA9D0F6D27E8B93100770226 /* Resume+CoreDataClass.swift */ = {isa = PBXFileReference; fileEncoding = 4; lastKnownFileType = sourcecode.swift; path = "Resume+CoreDataClass.swift"; sourceTree = "<group>"; };
		BA9D0F6E27E8B93100770226 /* Project+CoreDataClass.swift */ = {isa = PBXFileReference; fileEncoding = 4; lastKnownFileType = sourcecode.swift; path = "Project+CoreDataClass.swift"; sourceTree = "<group>"; };
		BA9D0F6F27E8B93100770226 /* Education+CoreDataProperties.swift */ = {isa = PBXFileReference; fileEncoding = 4; lastKnownFileType = sourcecode.swift; path = "Education+CoreDataProperties.swift"; sourceTree = "<group>"; };
		BA9D0F7027E8B93100770226 /* Work+CoreDataProperties.swift */ = {isa = PBXFileReference; fileEncoding = 4; lastKnownFileType = sourcecode.swift; path = "Work+CoreDataProperties.swift"; sourceTree = "<group>"; };
		BADD73A727D2A62500477348 /* ProjectTableViewCell.swift */ = {isa = PBXFileReference; lastKnownFileType = sourcecode.swift; path = ProjectTableViewCell.swift; sourceTree = "<group>"; };
		BADD73A927D2A64900477348 /* ProjectVC.swift */ = {isa = PBXFileReference; lastKnownFileType = sourcecode.swift; path = ProjectVC.swift; sourceTree = "<group>"; };
		BAF7BD7627D0FBA5002158F8 /* Resume builder demo.app */ = {isa = PBXFileReference; explicitFileType = wrapper.application; includeInIndex = 0; path = "Resume builder demo.app"; sourceTree = BUILT_PRODUCTS_DIR; };
		BAF7BD7927D0FBA5002158F8 /* AppDelegate.swift */ = {isa = PBXFileReference; lastKnownFileType = sourcecode.swift; path = AppDelegate.swift; sourceTree = "<group>"; };
		BAF7BD7B27D0FBA5002158F8 /* SceneDelegate.swift */ = {isa = PBXFileReference; lastKnownFileType = sourcecode.swift; path = SceneDelegate.swift; sourceTree = "<group>"; };
		BAF7BD7D27D0FBA5002158F8 /* ViewController.swift */ = {isa = PBXFileReference; lastKnownFileType = sourcecode.swift; path = ViewController.swift; sourceTree = "<group>"; };
		BAF7BD8027D0FBA5002158F8 /* Base */ = {isa = PBXFileReference; lastKnownFileType = file.storyboard; name = Base; path = Base.lproj/Main.storyboard; sourceTree = "<group>"; };
		BAF7BD8327D0FBA5002158F8 /* Resume_builder_demo.xcdatamodel */ = {isa = PBXFileReference; lastKnownFileType = wrapper.xcdatamodel; path = Resume_builder_demo.xcdatamodel; sourceTree = "<group>"; };
		BAF7BD8527D0FBA8002158F8 /* Assets.xcassets */ = {isa = PBXFileReference; lastKnownFileType = folder.assetcatalog; path = Assets.xcassets; sourceTree = "<group>"; };
		BAF7BD8827D0FBA8002158F8 /* Base */ = {isa = PBXFileReference; lastKnownFileType = file.storyboard; name = Base; path = Base.lproj/LaunchScreen.storyboard; sourceTree = "<group>"; };
		BAF7BD8A27D0FBA8002158F8 /* Info.plist */ = {isa = PBXFileReference; lastKnownFileType = text.plist.xml; path = Info.plist; sourceTree = "<group>"; };
		E6FF9EE72B0BA7D2777A6D73 /* Pods-Resume builder demo.debug.xcconfig */ = {isa = PBXFileReference; includeInIndex = 1; lastKnownFileType = text.xcconfig; name = "Pods-Resume builder demo.debug.xcconfig"; path = "Target Support Files/Pods-Resume builder demo/Pods-Resume builder demo.debug.xcconfig"; sourceTree = "<group>"; };
/* End PBXFileReference section */

/* Begin PBXFrameworksBuildPhase section */
		BAF7BD7327D0FBA5002158F8 /* Frameworks */ = {
			isa = PBXFrameworksBuildPhase;
			buildActionMask = 2147483647;
			files = (
				8ED9C68256C446511CDE91BF /* Pods_Resume_builder_demo.framework in Frameworks */,
			);
			runOnlyForDeploymentPostprocessing = 0;
		};
/* End PBXFrameworksBuildPhase section */

/* Begin PBXGroup section */
		3BB939D0498AE0526DFACC56 /* Pods */ = {
			isa = PBXGroup;
			children = (
				E6FF9EE72B0BA7D2777A6D73 /* Pods-Resume builder demo.debug.xcconfig */,
				1B629338A955A88186E6A28B /* Pods-Resume builder demo.release.xcconfig */,
			);
			path = Pods;
			sourceTree = "<group>";
		};
		BA691EFA27D18B3500AC72CE /* Controller */ = {
			isa = PBXGroup;
			children = (
				BA8ACF1F27D26DCB00891AE0 /* EducationVC.swift */,
				BA8ACF1D27D26C3100891AE0 /* WorkVC.swift */,
				BA8ACF1827D1E47600891AE0 /* SkillVC.swift */,
				BA691EFE27D194FE00AC72CE /* PersonalInfoVc.swift */,
				BAF7BD7D27D0FBA5002158F8 /* ViewController.swift */,
				BADD73A927D2A64900477348 /* ProjectVC.swift */,
				BA7A116127D367CD0056F921 /* PhotoVC.swift */,
				BA7A116527D37D1F0056F921 /* ReviewVC.swift */,
			);
			name = Controller;
			sourceTree = "<group>";
		};
		BA691EFB27D18B5A00AC72CE /* view */ = {
			isa = PBXGroup;
			children = (
				BAF7BD7F27D0FBA5002158F8 /* Main.storyboard */,
			);
			path = view;
			sourceTree = "<group>";
		};
		BA7A114027D326B60056F921 /* CoreData Class */ = {
			isa = PBXGroup;
			children = (
				BA9D0F6C27E8B93100770226 /* Education+CoreDataClass.swift */,
				BA9D0F6F27E8B93100770226 /* Education+CoreDataProperties.swift */,
				BA9D0F6D27E8B93100770226 /* Resume+CoreDataClass.swift */,
				BA9D0F6B27E8B93100770226 /* Resume+CoreDataProperties.swift */,
				BA9D0F6E27E8B93100770226 /* Project+CoreDataClass.swift */,
				BA9D0F6A27E8B93100770226 /* Project+CoreDataProperties.swift */,
				BA9D0F6927E8B93100770226 /* Work+CoreDataClass.swift */,
				BA9D0F7027E8B93100770226 /* Work+CoreDataProperties.swift */,
			);
			name = "CoreData Class";
			sourceTree = "<group>";
		};
		BA8ACF1A27D2513400891AE0 /* helper */ = {
			isa = PBXGroup;
			children = (
				BA8ACF1B27D2514E00891AE0 /* Utility.swift */,
			);
			name = helper;
			sourceTree = "<group>";
		};
		BA8ACF2127D282AA00891AE0 /* Model */ = {
			isa = PBXGroup;
			children = (
				BA691F0027D19BBB00AC72CE /* CurrentResume.swift */,
				BA8ACF2927D297C800891AE0 /* Models.swift */,
			);
			name = Model;
			sourceTree = "<group>";
		};
		BA8ACF2227D282D100891AE0 /* TableViewCell */ = {
			isa = PBXGroup;
			children = (
				BADD73A727D2A62500477348 /* ProjectTableViewCell.swift */,
				BA8ACF2327D2831E00891AE0 /* ResumeTableViewCell.swift */,
				BA8ACF2527D2846A00891AE0 /* WorkSummaryTableViewCell.swift */,
				BA8ACF2727D284C600891AE0 /* EducationTableViewCell.swift */,
			);
			name = TableViewCell;
			sourceTree = "<group>";
		};
		BAF7BD6D27D0FBA5002158F8 = {
			isa = PBXGroup;
			children = (
				BAF7BD7827D0FBA5002158F8 /* Resume builder demo */,
				BAF7BD7727D0FBA5002158F8 /* Products */,
				3BB939D0498AE0526DFACC56 /* Pods */,
				E7DB02FA4A8E293CF1BD23E1 /* Frameworks */,
			);
			sourceTree = "<group>";
		};
		BAF7BD7727D0FBA5002158F8 /* Products */ = {
			isa = PBXGroup;
			children = (
				BAF7BD7627D0FBA5002158F8 /* Resume builder demo.app */,
			);
			name = Products;
			sourceTree = "<group>";
		};
		BAF7BD7827D0FBA5002158F8 /* Resume builder demo */ = {
			isa = PBXGroup;
			children = (
				BA7A114027D326B60056F921 /* CoreData Class */,
				BA8ACF2227D282D100891AE0 /* TableViewCell */,
				BA8ACF2127D282AA00891AE0 /* Model */,
				BA8ACF1A27D2513400891AE0 /* helper */,
				BA691EFA27D18B3500AC72CE /* Controller */,
				BA691EFB27D18B5A00AC72CE /* view */,
				BAF7BD7927D0FBA5002158F8 /* AppDelegate.swift */,
				BAF7BD7B27D0FBA5002158F8 /* SceneDelegate.swift */,
				BAF7BD8527D0FBA8002158F8 /* Assets.xcassets */,
				BAF7BD8727D0FBA8002158F8 /* LaunchScreen.storyboard */,
				BAF7BD8A27D0FBA8002158F8 /* Info.plist */,
				BAF7BD8227D0FBA5002158F8 /* Resume_builder_demo.xcdatamodeld */,
			);
			path = "Resume builder demo";
			sourceTree = "<group>";
		};
		E7DB02FA4A8E293CF1BD23E1 /* Frameworks */ = {
			isa = PBXGroup;
			children = (
				6C22411C8A4A91B1B4D9CC2E /* Pods_Resume_builder_demo.framework */,
			);
			name = Frameworks;
			sourceTree = "<group>";
		};
/* End PBXGroup section */

/* Begin PBXNativeTarget section */
		BAF7BD7527D0FBA5002158F8 /* Resume builder demo */ = {
			isa = PBXNativeTarget;
			buildConfigurationList = BAF7BD8D27D0FBA8002158F8 /* Build configuration list for PBXNativeTarget "Resume builder demo" */;
			buildPhases = (
				994F70612572C2162EDF8D07 /* [CP] Check Pods Manifest.lock */,
				BAF7BD7227D0FBA5002158F8 /* Sources */,
				BAF7BD7327D0FBA5002158F8 /* Frameworks */,
				BAF7BD7427D0FBA5002158F8 /* Resources */,
				06909775A5BE2FAC7101D376 /* [CP] Embed Pods Frameworks */,
			);
			buildRules = (
			);
			dependencies = (
			);
			name = "Resume builder demo";
			productName = "Resume builder demo";
			productReference = BAF7BD7627D0FBA5002158F8 /* Resume builder demo.app */;
			productType = "com.apple.product-type.application";
		};
/* End PBXNativeTarget section */

/* Begin PBXProject section */
		BAF7BD6E27D0FBA5002158F8 /* Project object */ = {
			isa = PBXProject;
			attributes = {
				BuildIndependentTargetsInParallel = 1;
				LastSwiftUpdateCheck = 1320;
				LastUpgradeCheck = 1320;
				TargetAttributes = {
					BAF7BD7527D0FBA5002158F8 = {
						CreatedOnToolsVersion = 13.2.1;
					};
				};
			};
			buildConfigurationList = BAF7BD7127D0FBA5002158F8 /* Build configuration list for PBXProject "Resume builder demo" */;
			compatibilityVersion = "Xcode 13.0";
			developmentRegion = en;
			hasScannedForEncodings = 0;
			knownRegions = (
				en,
				Base,
			);
			mainGroup = BAF7BD6D27D0FBA5002158F8;
			productRefGroup = BAF7BD7727D0FBA5002158F8 /* Products */;
			projectDirPath = "";
			projectRoot = "";
			targets = (
				BAF7BD7527D0FBA5002158F8 /* Resume builder demo */,
			);
		};
/* End PBXProject section */

/* Begin PBXResourcesBuildPhase section */
		BAF7BD7427D0FBA5002158F8 /* Resources */ = {
			isa = PBXResourcesBuildPhase;
			buildActionMask = 2147483647;
			files = (
				BAF7BD8927D0FBA8002158F8 /* LaunchScreen.storyboard in Resources */,
				BAF7BD8627D0FBA8002158F8 /* Assets.xcassets in Resources */,
				BAF7BD8127D0FBA5002158F8 /* Main.storyboard in Resources */,
			);
			runOnlyForDeploymentPostprocessing = 0;
		};
/* End PBXResourcesBuildPhase section */

/* Begin PBXShellScriptBuildPhase section */
		06909775A5BE2FAC7101D376 /* [CP] Embed Pods Frameworks */ = {
			isa = PBXShellScriptBuildPhase;
			buildActionMask = 2147483647;
			files = (
			);
			inputFileListPaths = (
				"${PODS_ROOT}/Target Support Files/Pods-Resume builder demo/Pods-Resume builder demo-frameworks-${CONFIGURATION}-input-files.xcfilelist",
			);
			name = "[CP] Embed Pods Frameworks";
			outputFileListPaths = (
				"${PODS_ROOT}/Target Support Files/Pods-Resume builder demo/Pods-Resume builder demo-frameworks-${CONFIGURATION}-output-files.xcfilelist",
			);
			runOnlyForDeploymentPostprocessing = 0;
			shellPath = /bin/sh;
			shellScript = "\"${PODS_ROOT}/Target Support Files/Pods-Resume builder demo/Pods-Resume builder demo-frameworks.sh\"\n";
			showEnvVarsInLog = 0;
		};
		994F70612572C2162EDF8D07 /* [CP] Check Pods Manifest.lock */ = {
			isa = PBXShellScriptBuildPhase;
			buildActionMask = 2147483647;
			files = (
			);
			inputFileListPaths = (
			);
			inputPaths = (
				"${PODS_PODFILE_DIR_PATH}/Podfile.lock",
				"${PODS_ROOT}/Manifest.lock",
			);
			name = "[CP] Check Pods Manifest.lock";
			outputFileListPaths = (
			);
			outputPaths = (
				"$(DERIVED_FILE_DIR)/Pods-Resume builder demo-checkManifestLockResult.txt",
			);
			runOnlyForDeploymentPostprocessing = 0;
			shellPath = /bin/sh;
			shellScript = "diff \"${PODS_PODFILE_DIR_PATH}/Podfile.lock\" \"${PODS_ROOT}/Manifest.lock\" > /dev/null\nif [ $? != 0 ] ; then\n    # print error to STDERR\n    echo \"error: The sandbox is not in sync with the Podfile.lock. Run 'pod install' or update your CocoaPods installation.\" >&2\n    exit 1\nfi\n# This output is used by Xcode 'outputs' to avoid re-running this script phase.\necho \"SUCCESS\" > \"${SCRIPT_OUTPUT_FILE_0}\"\n";
			showEnvVarsInLog = 0;
		};
/* End PBXShellScriptBuildPhase section */

/* Begin PBXSourcesBuildPhase section */
		BAF7BD7227D0FBA5002158F8 /* Sources */ = {
			isa = PBXSourcesBuildPhase;
			buildActionMask = 2147483647;
			files = (
				BA9D0F7827E8B93100770226 /* Work+CoreDataProperties.swift in Sources */,
				BA691F0127D19BBB00AC72CE /* CurrentResume.swift in Sources */,
				BA7A116627D37D1F0056F921 /* ReviewVC.swift in Sources */,
				BA9D0F7227E8B93100770226 /* Project+CoreDataProperties.swift in Sources */,
				BA8ACF2627D2846A00891AE0 /* WorkSummaryTableViewCell.swift in Sources */,
				BA8ACF1927D1E47600891AE0 /* SkillVC.swift in Sources */,
				BA8ACF1E27D26C3100891AE0 /* WorkVC.swift in Sources */,
				BA8ACF2827D284C600891AE0 /* EducationTableViewCell.swift in Sources */,
				BAF7BD7E27D0FBA5002158F8 /* ViewController.swift in Sources */,
				BAF7BD7A27D0FBA5002158F8 /* AppDelegate.swift in Sources */,
				BA9D0F7627E8B93100770226 /* Project+CoreDataClass.swift in Sources */,
				BA8ACF2427D2831E00891AE0 /* ResumeTableViewCell.swift in Sources */,
				BA9D0F7427E8B93100770226 /* Education+CoreDataClass.swift in Sources */,
				BA9D0F7727E8B93100770226 /* Education+CoreDataProperties.swift in Sources */,
				BA8ACF1C27D2514E00891AE0 /* Utility.swift in Sources */,
				BAF7BD8427D0FBA5002158F8 /* Resume_builder_demo.xcdatamodeld in Sources */,
				BA9D0F7327E8B93100770226 /* Resume+CoreDataProperties.swift in Sources */,
				BADD73AA27D2A64900477348 /* ProjectVC.swift in Sources */,
				BADD73A827D2A62500477348 /* ProjectTableViewCell.swift in Sources */,
				BA9D0F7127E8B93100770226 /* Work+CoreDataClass.swift in Sources */,
				BA691EFF27D194FE00AC72CE /* PersonalInfoVc.swift in Sources */,
				BA9D0F7527E8B93100770226 /* Resume+CoreDataClass.swift in Sources */,
				BAF7BD7C27D0FBA5002158F8 /* SceneDelegate.swift in Sources */,
				BA8ACF2027D26DCB00891AE0 /* EducationVC.swift in Sources */,
				BA7A116227D367CD0056F921 /* PhotoVC.swift in Sources */,
				BA8ACF2A27D297C800891AE0 /* Models.swift in Sources */,
			);
			runOnlyForDeploymentPostprocessing = 0;
		};
/* End PBXSourcesBuildPhase section */

/* Begin PBXVariantGroup section */
		BAF7BD7F27D0FBA5002158F8 /* Main.storyboard */ = {
			isa = PBXVariantGroup;
			children = (
				BAF7BD8027D0FBA5002158F8 /* Base */,
			);
			name = Main.storyboard;
			sourceTree = "<group>";
		};
		BAF7BD8727D0FBA8002158F8 /* LaunchScreen.storyboard */ = {
			isa = PBXVariantGroup;
			children = (
				BAF7BD8827D0FBA8002158F8 /* Base */,
			);
			name = LaunchScreen.storyboard;
			sourceTree = "<group>";
		};
/* End PBXVariantGroup section */

/* Begin XCBuildConfiguration section */
		BAF7BD8B27D0FBA8002158F8 /* Debug */ = {
			isa = XCBuildConfiguration;
			buildSettings = {
				ALWAYS_SEARCH_USER_PATHS = NO;
				CLANG_ANALYZER_NONNULL = YES;
				CLANG_ANALYZER_NUMBER_OBJECT_CONVERSION = YES_AGGRESSIVE;
				CLANG_CXX_LANGUAGE_STANDARD = "gnu++17";
				CLANG_CXX_LIBRARY = "libc++";
				CLANG_ENABLE_MODULES = YES;
				CLANG_ENABLE_OBJC_ARC = YES;
				CLANG_ENABLE_OBJC_WEAK = YES;
				CLANG_WARN_BLOCK_CAPTURE_AUTORELEASING = YES;
				CLANG_WARN_BOOL_CONVERSION = YES;
				CLANG_WARN_COMMA = YES;
				CLANG_WARN_CONSTANT_CONVERSION = YES;
				CLANG_WARN_DEPRECATED_OBJC_IMPLEMENTATIONS = YES;
				CLANG_WARN_DIRECT_OBJC_ISA_USAGE = YES_ERROR;
				CLANG_WARN_DOCUMENTATION_COMMENTS = YES;
				CLANG_WARN_EMPTY_BODY = YES;
				CLANG_WARN_ENUM_CONVERSION = YES;
				CLANG_WARN_INFINITE_RECURSION = YES;
				CLANG_WARN_INT_CONVERSION = YES;
				CLANG_WARN_NON_LITERAL_NULL_CONVERSION = YES;
				CLANG_WARN_OBJC_IMPLICIT_RETAIN_SELF = YES;
				CLANG_WARN_OBJC_LITERAL_CONVERSION = YES;
				CLANG_WARN_OBJC_ROOT_CLASS = YES_ERROR;
				CLANG_WARN_QUOTED_INCLUDE_IN_FRAMEWORK_HEADER = YES;
				CLANG_WARN_RANGE_LOOP_ANALYSIS = YES;
				CLANG_WARN_STRICT_PROTOTYPES = YES;
				CLANG_WARN_SUSPICIOUS_MOVE = YES;
				CLANG_WARN_UNGUARDED_AVAILABILITY = YES_AGGRESSIVE;
				CLANG_WARN_UNREACHABLE_CODE = YES;
				CLANG_WARN__DUPLICATE_METHOD_MATCH = YES;
				COPY_PHASE_STRIP = NO;
				DEBUG_INFORMATION_FORMAT = dwarf;
				ENABLE_STRICT_OBJC_MSGSEND = YES;
				ENABLE_TESTABILITY = YES;
				GCC_C_LANGUAGE_STANDARD = gnu11;
				GCC_DYNAMIC_NO_PIC = NO;
				GCC_NO_COMMON_BLOCKS = YES;
				GCC_OPTIMIZATION_LEVEL = 0;
				GCC_PREPROCESSOR_DEFINITIONS = (
					"DEBUG=1",
					"$(inherited)",
				);
				GCC_WARN_64_TO_32_BIT_CONVERSION = YES;
				GCC_WARN_ABOUT_RETURN_TYPE = YES_ERROR;
				GCC_WARN_UNDECLARED_SELECTOR = YES;
				GCC_WARN_UNINITIALIZED_AUTOS = YES_AGGRESSIVE;
				GCC_WARN_UNUSED_FUNCTION = YES;
				GCC_WARN_UNUSED_VARIABLE = YES;
				IPHONEOS_DEPLOYMENT_TARGET = 15.2;
				MTL_ENABLE_DEBUG_INFO = INCLUDE_SOURCE;
				MTL_FAST_MATH = YES;
				ONLY_ACTIVE_ARCH = YES;
				SDKROOT = iphoneos;
				SWIFT_ACTIVE_COMPILATION_CONDITIONS = DEBUG;
				SWIFT_OPTIMIZATION_LEVEL = "-Onone";
			};
			name = Debug;
		};
		BAF7BD8C27D0FBA8002158F8 /* Release */ = {
			isa = XCBuildConfiguration;
			buildSettings = {
				ALWAYS_SEARCH_USER_PATHS = NO;
				CLANG_ANALYZER_NONNULL = YES;
				CLANG_ANALYZER_NUMBER_OBJECT_CONVERSION = YES_AGGRESSIVE;
				CLANG_CXX_LANGUAGE_STANDARD = "gnu++17";
				CLANG_CXX_LIBRARY = "libc++";
				CLANG_ENABLE_MODULES = YES;
				CLANG_ENABLE_OBJC_ARC = YES;
				CLANG_ENABLE_OBJC_WEAK = YES;
				CLANG_WARN_BLOCK_CAPTURE_AUTORELEASING = YES;
				CLANG_WARN_BOOL_CONVERSION = YES;
				CLANG_WARN_COMMA = YES;
				CLANG_WARN_CONSTANT_CONVERSION = YES;
				CLANG_WARN_DEPRECATED_OBJC_IMPLEMENTATIONS = YES;
				CLANG_WARN_DIRECT_OBJC_ISA_USAGE = YES_ERROR;
				CLANG_WARN_DOCUMENTATION_COMMENTS = YES;
				CLANG_WARN_EMPTY_BODY = YES;
				CLANG_WARN_ENUM_CONVERSION = YES;
				CLANG_WARN_INFINITE_RECURSION = YES;
				CLANG_WARN_INT_CONVERSION = YES;
				CLANG_WARN_NON_LITERAL_NULL_CONVERSION = YES;
				CLANG_WARN_OBJC_IMPLICIT_RETAIN_SELF = YES;
				CLANG_WARN_OBJC_LITERAL_CONVERSION = YES;
				CLANG_WARN_OBJC_ROOT_CLASS = YES_ERROR;
				CLANG_WARN_QUOTED_INCLUDE_IN_FRAMEWORK_HEADER = YES;
				CLANG_WARN_RANGE_LOOP_ANALYSIS = YES;
				CLANG_WARN_STRICT_PROTOTYPES = YES;
				CLANG_WARN_SUSPICIOUS_MOVE = YES;
				CLANG_WARN_UNGUARDED_AVAILABILITY = YES_AGGRESSIVE;
				CLANG_WARN_UNREACHABLE_CODE = YES;
				CLANG_WARN__DUPLICATE_METHOD_MATCH = YES;
				COPY_PHASE_STRIP = NO;
				DEBUG_INFORMATION_FORMAT = "dwarf-with-dsym";
				ENABLE_NS_ASSERTIONS = NO;
				ENABLE_STRICT_OBJC_MSGSEND = YES;
				GCC_C_LANGUAGE_STANDARD = gnu11;
				GCC_NO_COMMON_BLOCKS = YES;
				GCC_WARN_64_TO_32_BIT_CONVERSION = YES;
				GCC_WARN_ABOUT_RETURN_TYPE = YES_ERROR;
				GCC_WARN_UNDECLARED_SELECTOR = YES;
				GCC_WARN_UNINITIALIZED_AUTOS = YES_AGGRESSIVE;
				GCC_WARN_UNUSED_FUNCTION = YES;
				GCC_WARN_UNUSED_VARIABLE = YES;
				IPHONEOS_DEPLOYMENT_TARGET = 15.2;
				MTL_ENABLE_DEBUG_INFO = NO;
				MTL_FAST_MATH = YES;
				SDKROOT = iphoneos;
				SWIFT_COMPILATION_MODE = wholemodule;
				SWIFT_OPTIMIZATION_LEVEL = "-O";
				VALIDATE_PRODUCT = YES;
			};
			name = Release;
		};
		BAF7BD8E27D0FBA8002158F8 /* Debug */ = {
			isa = XCBuildConfiguration;
			baseConfigurationReference = E6FF9EE72B0BA7D2777A6D73 /* Pods-Resume builder demo.debug.xcconfig */;
			buildSettings = {
				ASSETCATALOG_COMPILER_APPICON_NAME = AppIcon;
				ASSETCATALOG_COMPILER_GLOBAL_ACCENT_COLOR_NAME = AccentColor;
				CODE_SIGN_STYLE = Automatic;
				CURRENT_PROJECT_VERSION = 1;
				DEVELOPMENT_TEAM = NS9BQQQNV5;
				GENERATE_INFOPLIST_FILE = YES;
				INFOPLIST_FILE = "Resume builder demo/Info.plist";
				INFOPLIST_KEY_UIApplicationSupportsIndirectInputEvents = YES;
				INFOPLIST_KEY_UILaunchStoryboardName = LaunchScreen;
				INFOPLIST_KEY_UIMainStoryboardFile = Main;
				INFOPLIST_KEY_UISupportedInterfaceOrientations_iPad = "UIInterfaceOrientationPortrait UIInterfaceOrientationPortraitUpsideDown UIInterfaceOrientationLandscapeLeft UIInterfaceOrientationLandscapeRight";
				INFOPLIST_KEY_UISupportedInterfaceOrientations_iPhone = "UIInterfaceOrientationPortrait UIInterfaceOrientationLandscapeLeft UIInterfaceOrientationLandscapeRight";
				LD_RUNPATH_SEARCH_PATHS = (
					"$(inherited)",
					"@executable_path/Frameworks",
				);
				MARKETING_VERSION = 1.0;
				PRODUCT_BUNDLE_IDENTIFIER = "personal.mehedihasan.Resume-builder-demo";
				PRODUCT_NAME = "$(TARGET_NAME)";
				SWIFT_EMIT_LOC_STRINGS = YES;
				SWIFT_VERSION = 5.0;
				TARGETED_DEVICE_FAMILY = "1,2";
			};
			name = Debug;
		};
		BAF7BD8F27D0FBA8002158F8 /* Release */ = {
			isa = XCBuildConfiguration;
			baseConfigurationReference = 1B629338A955A88186E6A28B /* Pods-Resume builder demo.release.xcconfig */;
			buildSettings = {
				ASSETCATALOG_COMPILER_APPICON_NAME = AppIcon;
				ASSETCATALOG_COMPILER_GLOBAL_ACCENT_COLOR_NAME = AccentColor;
				CODE_SIGN_STYLE = Automatic;
				CURRENT_PROJECT_VERSION = 1;
				DEVELOPMENT_TEAM = NS9BQQQNV5;
				GENERATE_INFOPLIST_FILE = YES;
				INFOPLIST_FILE = "Resume builder demo/Info.plist";
				INFOPLIST_KEY_UIApplicationSupportsIndirectInputEvents = YES;
				INFOPLIST_KEY_UILaunchStoryboardName = LaunchScreen;
				INFOPLIST_KEY_UIMainStoryboardFile = Main;
				INFOPLIST_KEY_UISupportedInterfaceOrientations_iPad = "UIInterfaceOrientationPortrait UIInterfaceOrientationPortraitUpsideDown UIInterfaceOrientationLandscapeLeft UIInterfaceOrientationLandscapeRight";
				INFOPLIST_KEY_UISupportedInterfaceOrientations_iPhone = "UIInterfaceOrientationPortrait UIInterfaceOrientationLandscapeLeft UIInterfaceOrientationLandscapeRight";
				LD_RUNPATH_SEARCH_PATHS = (
					"$(inherited)",
					"@executable_path/Frameworks",
				);
				MARKETING_VERSION = 1.0;
				PRODUCT_BUNDLE_IDENTIFIER = "personal.mehedihasan.Resume-builder-demo";
				PRODUCT_NAME = "$(TARGET_NAME)";
				SWIFT_EMIT_LOC_STRINGS = YES;
				SWIFT_VERSION = 5.0;
				TARGETED_DEVICE_FAMILY = "1,2";
			};
			name = Release;
		};
/* End XCBuildConfiguration section */

/* Begin XCConfigurationList section */
		BAF7BD7127D0FBA5002158F8 /* Build configuration list for PBXProject "Resume builder demo" */ = {
			isa = XCConfigurationList;
			buildConfigurations = (
				BAF7BD8B27D0FBA8002158F8 /* Debug */,
				BAF7BD8C27D0FBA8002158F8 /* Release */,
			);
			defaultConfigurationIsVisible = 0;
			defaultConfigurationName = Release;
		};
		BAF7BD8D27D0FBA8002158F8 /* Build configuration list for PBXNativeTarget "Resume builder demo" */ = {
			isa = XCConfigurationList;
			buildConfigurations = (
				BAF7BD8E27D0FBA8002158F8 /* Debug */,
				BAF7BD8F27D0FBA8002158F8 /* Release */,
			);
			defaultConfigurationIsVisible = 0;
			defaultConfigurationName = Release;
		};
/* End XCConfigurationList section */

/* Begin XCVersionGroup section */
		BAF7BD8227D0FBA5002158F8 /* Resume_builder_demo.xcdatamodeld */ = {
			isa = XCVersionGroup;
			children = (
				BAF7BD8327D0FBA5002158F8 /* Resume_builder_demo.xcdatamodel */,
			);
			currentVersion = BAF7BD8327D0FBA5002158F8 /* Resume_builder_demo.xcdatamodel */;
			path = Resume_builder_demo.xcdatamodeld;
			sourceTree = "<group>";
			versionGroupType = wrapper.xcdatamodel;
		};
/* End XCVersionGroup section */
	};
	rootObject = BAF7BD6E27D0FBA5002158F8 /* Project object */;
}
